
Microsoft Visual Studio Solution File, Format Version 12.00
# Visual Studio Version 17
VisualStudioVersion = 17.9.34728.123
MinimumVisualStudioVersion = 10.0.40219.1
Project("{FAE04EC0-301F-11D3-BF4B-00C04F79EFBC}") = "Calendar Planner Web App", "Fullcalendar 5.8\Calendar Planner Web App.csproj", "{89F01F4C-29F8-453B-907D-241BD362EA34}"
EndProject
Global
	GlobalSection(SolutionConfigurationPlatforms) = preSolution
		Debug|Any CPU = Debug|Any CPU
		Release|Any CPU = Release|Any CPU
	EndGlobalSection
	GlobalSection(ProjectConfigurationPlatforms) = postSolution
		{89F01F4C-29F8-453B-907D-241BD362EA34}.Debug|Any CPU.ActiveCfg = Debug|Any CPU
		{89F01F4C-29F8-453B-907D-241BD362EA34}.Debug|Any CPU.Build.0 = Debug|Any CPU
		{89F01F4C-29F8-453B-907D-241BD362EA34}.Release|Any CPU.ActiveCfg = Release|Any CPU
		{89F01F4C-29F8-453B-907D-241BD362EA34}.Release|Any CPU.Build.0 = Release|Any CPU
	EndGlobalSection
	GlobalSection(SolutionProperties) = preSolution
		HideSolutionNode = FALSE
	EndGlobalSection
	GlobalSection(ExtensibilityGlobals) = postSolution
		SolutionGuid = {172A6F48-3336-4574-BF20-E5D6A1D813B6}
	EndGlobalSection
EndGlobal
